
Microsoft Visual Studio Solution File, Format Version 12.00
# Visual Studio Version 17
VisualStudioVersion = 17.14.36221.1 d17.14
MinimumVisualStudioVersion = 10.0.40219.1
Project("{FAE04EC0-301F-11D3-BF4B-00C04F79EFBC}") = "scientific-calculator-cs", "scientific-calculator-cs\scientific-calculator-cs.csproj", "{BCF57875-612D-4250-A4E6-81A61411ECC8}"
EndProject
Global
	GlobalSection(SolutionConfigurationPlatforms) = preSolution
		Debug|Any CPU = Debug|Any CPU
		Release|Any CPU = Release|Any CPU
	EndGlobalSection
	GlobalSection(ProjectConfigurationPlatforms) = postSolution
		{BCF57875-612D-4250-A4E6-81A61411ECC8}.Debug|Any CPU.ActiveCfg = Debug|Any CPU
		{BCF57875-612D-4250-A4E6-81A61411ECC8}.Debug|Any CPU.Build.0 = Debug|Any CPU
		{BCF57875-612D-4250-A4E6-81A61411ECC8}.Release|Any CPU.ActiveCfg = Release|Any CPU
		{BCF57875-612D-4250-A4E6-81A61411ECC8}.Release|Any CPU.Build.0 = Release|Any CPU
	EndGlobalSection
	GlobalSection(SolutionProperties) = preSolution
		HideSolutionNode = FALSE
	EndGlobalSection
	GlobalSection(ExtensibilityGlobals) = postSolution
		SolutionGuid = {EF73CE85-0214-4FDD-92E4-45F53E21E65C}
	EndGlobalSection
EndGlobal
